
Microsoft Visual Studio Solution File, Format Version 12.00
# Visual Studio 15
Project("{FAE04EC0-301F-11D3-BF4B-00C04F79EFBC}") = "Zenject", "Zenject.csproj", "{B9B1BEEA-3B24-3552-B925-B932FD151F01}"
EndProject
Project("{FAE04EC0-301F-11D3-BF4B-00C04F79EFBC}") = "Assembly-CSharp", "Assembly-CSharp.csproj", "{49EBD4C1-B112-D617-28CF-88F272D746E9}"
EndProject
Project("{FAE04EC0-301F-11D3-BF4B-00C04F79EFBC}") = "Zenject-IntegrationTests-Editor", "Zenject-IntegrationTests-Editor.csproj", "{7D8B5817-6A6D-77B1-2912-61F669FE3637}"
EndProject
Project("{FAE04EC0-301F-11D3-BF4B-00C04F79EFBC}") = "Zenject-IntegrationTests", "Zenject-IntegrationTests.csproj", "{FFE6911D-C5C4-3E37-8A4D-57E44A34AF75}"
EndProject
Project("{FAE04EC0-301F-11D3-BF4B-00C04F79EFBC}") = "Zenject-PoolMonitor-Editor", "Zenject-PoolMonitor-Editor.csproj", "{A1B885AB-7F90-9AE7-2E38-A62DA7F5E251}"
EndProject
Project("{FAE04EC0-301F-11D3-BF4B-00C04F79EFBC}") = "Zenject-UnitTests-Editor", "Zenject-UnitTests-Editor.csproj", "{A270C21C-723A-F9F7-2369-EADD69E80CFC}"
EndProject
Project("{FAE04EC0-301F-11D3-BF4B-00C04F79EFBC}") = "Zenject-ReflectionBaking-Editor", "Zenject-ReflectionBaking-Editor.csproj", "{95803D13-92F0-FB76-3FD3-01CA36574F33}"
EndProject
Project("{FAE04EC0-301F-11D3-BF4B-00C04F79EFBC}") = "Zenject-TestFramework", "Zenject-TestFramework.csproj", "{3396307E-ACA9-26A2-573A-288B45E01547}"
EndProject
Project("{FAE04EC0-301F-11D3-BF4B-00C04F79EFBC}") = "Zenject-Editor", "Zenject-Editor.csproj", "{9BB91CB5-D41E-6192-E16A-5CE6D6F7B38B}"
EndProject
Global
	GlobalSection(SolutionConfigurationPlatforms) = preSolution
		Debug|Any CPU = Debug|Any CPU
		Release|Any CPU = Release|Any CPU
	EndGlobalSection
	GlobalSection(ProjectConfigurationPlatforms) = postSolution
		{B9B1BEEA-3B24-3552-B925-B932FD151F01}.Debug|Any CPU.ActiveCfg = Debug|Any CPU
		{B9B1BEEA-3B24-3552-B925-B932FD151F01}.Debug|Any CPU.Build.0 = Debug|Any CPU
		{B9B1BEEA-3B24-3552-B925-B932FD151F01}.Release|Any CPU.ActiveCfg = Release|Any CPU
		{B9B1BEEA-3B24-3552-B925-B932FD151F01}.Release|Any CPU.Build.0 = Release|Any CPU
		{49EBD4C1-B112-D617-28CF-88F272D746E9}.Debug|Any CPU.ActiveCfg = Debug|Any CPU
		{49EBD4C1-B112-D617-28CF-88F272D746E9}.Debug|Any CPU.Build.0 = Debug|Any CPU
		{49EBD4C1-B112-D617-28CF-88F272D746E9}.Release|Any CPU.ActiveCfg = Release|Any CPU
		{49EBD4C1-B112-D617-28CF-88F272D746E9}.Release|Any CPU.Build.0 = Release|Any CPU
		{7D8B5817-6A6D-77B1-2912-61F669FE3637}.Debug|Any CPU.ActiveCfg = Debug|Any CPU
		{7D8B5817-6A6D-77B1-2912-61F669FE3637}.Debug|Any CPU.Build.0 = Debug|Any CPU
		{7D8B5817-6A6D-77B1-2912-61F669FE3637}.Release|Any CPU.ActiveCfg = Release|Any CPU
		{7D8B5817-6A6D-77B1-2912-61F669FE3637}.Release|Any CPU.Build.0 = Release|Any CPU
		{FFE6911D-C5C4-3E37-8A4D-57E44A34AF75}.Debug|Any CPU.ActiveCfg = Debug|Any CPU
		{FFE6911D-C5C4-3E37-8A4D-57E44A34AF75}.Debug|Any CPU.Build.0 = Debug|Any CPU
		{FFE6911D-C5C4-3E37-8A4D-57E44A34AF75}.Release|Any CPU.ActiveCfg = Release|Any CPU
		{FFE6911D-C5C4-3E37-8A4D-57E44A34AF75}.Release|Any CPU.Build.0 = Release|Any CPU
		{A1B885AB-7F90-9AE7-2E38-A62DA7F5E251}.Debug|Any CPU.ActiveCfg = Debug|Any CPU
		{A1B885AB-7F90-9AE7-2E38-A62DA7F5E251}.Debug|Any CPU.Build.0 = Debug|Any CPU
		{A1B885AB-7F90-9AE7-2E38-A62DA7F5E251}.Release|Any CPU.ActiveCfg = Release|Any CPU
		{A1B885AB-7F90-9AE7-2E38-A62DA7F5E251}.Release|Any CPU.Build.0 = Release|Any CPU
		{A270C21C-723A-F9F7-2369-EADD69E80CFC}.Debug|Any CPU.ActiveCfg = Debug|Any CPU
		{A270C21C-723A-F9F7-2369-EADD69E80CFC}.Debug|Any CPU.Build.0 = Debug|Any CPU
		{A270C21C-723A-F9F7-2369-EADD69E80CFC}.Release|Any CPU.ActiveCfg = Release|Any CPU
		{A270C21C-723A-F9F7-2369-EADD69E80CFC}.Release|Any CPU.Build.0 = Release|Any CPU
		{95803D13-92F0-FB76-3FD3-01CA36574F33}.Debug|Any CPU.ActiveCfg = Debug|Any CPU
		{95803D13-92F0-FB76-3FD3-01CA36574F33}.Debug|Any CPU.Build.0 = Debug|Any CPU
		{95803D13-92F0-FB76-3FD3-01CA36574F33}.Release|Any CPU.ActiveCfg = Release|Any CPU
		{95803D13-92F0-FB76-3FD3-01CA36574F33}.Release|Any CPU.Build.0 = Release|Any CPU
		{3396307E-ACA9-26A2-573A-288B45E01547}.Debug|Any CPU.ActiveCfg = Debug|Any CPU
		{3396307E-ACA9-26A2-573A-288B45E01547}.Debug|Any CPU.Build.0 = Debug|Any CPU
		{3396307E-ACA9-26A2-573A-288B45E01547}.Release|Any CPU.ActiveCfg = Release|Any CPU
		{3396307E-ACA9-26A2-573A-288B45E01547}.Release|Any CPU.Build.0 = Release|Any CPU
		{9BB91CB5-D41E-6192-E16A-5CE6D6F7B38B}.Debug|Any CPU.ActiveCfg = Debug|Any CPU
		{9BB91CB5-D41E-6192-E16A-5CE6D6F7B38B}.Debug|Any CPU.Build.0 = Debug|Any CPU
		{9BB91CB5-D41E-6192-E16A-5CE6D6F7B38B}.Release|Any CPU.ActiveCfg = Release|Any CPU
		{9BB91CB5-D41E-6192-E16A-5CE6D6F7B38B}.Release|Any CPU.Build.0 = Release|Any CPU
	EndGlobalSection
	GlobalSection(SolutionProperties) = preSolution
		HideSolutionNode = FALSE
	EndGlobalSection
EndGlobal
